lockfileVersion: '9.0'

settings:
  autoInstallPeers: true
  excludeLinksFromLockfile: false

importers:

  .:
    dependencies:
      '@shivanandasai/emoji-tokenizer':
        specifier: ^1.0.0
        version: 1.0.0

packages:

  '@shivanandasai/emoji-tokenizer@1.0.0':
    resolution: {integrity: sha512-oBD6Yif1keKo6HLw38RGE5UrTgW9YHI3c62x3QLG38gQvF1boAtzusef85sxYYQRdzWQa8S5oOnd3VmKFO8ENw==}

  base64-js@1.5.1:
    resolution: {integrity: sha512-AKpaYlHn8t4SVbOHCy+b5+KKgvR4vrsD8vbvrbiQJps7fKDTkjkDry6ji0rUJjC0kzbNePLwzxq8iypo41qeWA==}

  js-tiktoken@1.0.21:
    resolution: {integrity: sha512-biOj/6M5qdgx5TKjDnFT1ymSpM5tbd3ylwDtrQvFQSu0Z7bBYko2dF+W/aUkXUPuk6IVpRxk/3Q2sHOzGlS36g==}

snapshots:

  '@shivanandasai/emoji-tokenizer@1.0.0':
    dependencies:
      js-tiktoken: 1.0.21

  base64-js@1.5.1: {}

  js-tiktoken@1.0.21:
    dependencies:
      base64-js: 1.5.1
